
Microsoft Visual Studio Solution File, Format Version 12.00
# Visual Studio Version 16
VisualStudioVersion = 16.0.29306.81
MinimumVisualStudioVersion = 10.0.40219.1
Project("{FAE04EC0-301F-11D3-BF4B-00C04F79EFBC}") = "DoAn3_Vietravel", "DoAn3_Vietravel\DoAn3_Vietravel.csproj", "{D87C930D-DF71-4959-981B-AEF36D35C90D}"
EndProject
Global
	GlobalSection(SolutionConfigurationPlatforms) = preSolution
		Debug|Any CPU = Debug|Any CPU
		Release|Any CPU = Release|Any CPU
	EndGlobalSection
	GlobalSection(ProjectConfigurationPlatforms) = postSolution
		{D87C930D-DF71-4959-981B-AEF36D35C90D}.Debug|Any CPU.ActiveCfg = Debug|Any CPU
		{D87C930D-DF71-4959-981B-AEF36D35C90D}.Debug|Any CPU.Build.0 = Debug|Any CPU
		{D87C930D-DF71-4959-981B-AEF36D35C90D}.Release|Any CPU.ActiveCfg = Release|Any CPU
		{D87C930D-DF71-4959-981B-AEF36D35C90D}.Release|Any CPU.Build.0 = Release|Any CPU
	EndGlobalSection
	GlobalSection(SolutionProperties) = preSolution
		HideSolutionNode = FALSE
	EndGlobalSection
	GlobalSection(ExtensibilityGlobals) = postSolution
		SolutionGuid = {785DA885-35C0-4DC1-9391-A478F17E5AAD}
	EndGlobalSection
EndGlobal
